// !$*UTF8*$!
{
	archiveVersion = 1;
	classes = {
	};
	objectVersion = 50;
	objects = {

/* Begin PBXBuildFile section */
		CF37C04725EA3A16005B5CD4 /* AppDelegate.m in Sources */ = {isa = PBXBuildFile; fileRef = CF37C04625EA3A16005B5CD4 /* AppDelegate.m */; };
		CF37C04A25EA3A16005B5CD4 /* SceneDelegate.m in Sources */ = {isa = PBXBuildFile; fileRef = CF37C04925EA3A16005B5CD4 /* SceneDelegate.m */; };
		CF37C04D25EA3A16005B5CD4 /* ViewController.m in Sources */ = {isa = PBXBuildFile; fileRef = CF37C04C25EA3A16005B5CD4 /* ViewController.m */; };
		CF37C05025EA3A16005B5CD4 /* Main.storyboard in Resources */ = {isa = PBXBuildFile; fileRef = CF37C04E25EA3A16005B5CD4 /* Main.storyboard */; };
		CF37C05325EA3A16005B5CD4 /* CoreDataCoursera.xcdatamodeld in Sources */ = {isa = PBXBuildFile; fileRef = CF37C05125EA3A16005B5CD4 /* CoreDataCoursera.xcdatamodeld */; };
		CF37C05525EA3A17005B5CD4 /* Assets.xcassets in Resources */ = {isa = PBXBuildFile; fileRef = CF37C05425EA3A17005B5CD4 /* Assets.xcassets */; };
		CF37C05825EA3A17005B5CD4 /* LaunchScreen.storyboard in Resources */ = {isa = PBXBuildFile; fileRef = CF37C05625EA3A17005B5CD4 /* LaunchScreen.storyboard */; };
		CF37C05B25EA3A17005B5CD4 /* main.m in Sources */ = {isa = PBXBuildFile; fileRef = CF37C05A25EA3A17005B5CD4 /* main.m */; };
/* End PBXBuildFile section */

/* Begin PBXFileReference section */
		CF37C04225EA3A16005B5CD4 /* CoreDataCoursera.app */ = {isa = PBXFileReference; explicitFileType = wrapper.application; includeInIndex = 0; path = CoreDataCoursera.app; sourceTree = BUILT_PRODUCTS_DIR; };
		CF37C04525EA3A16005B5CD4 /* AppDelegate.h */ = {isa = PBXFileReference; lastKnownFileType = sourcecode.c.h; path = AppDelegate.h; sourceTree = "<group>"; };
		CF37C04625EA3A16005B5CD4 /* AppDelegate.m */ = {isa = PBXFileReference; lastKnownFileType = sourcecode.c.objc; path = AppDelegate.m; sourceTree = "<group>"; };
		CF37C04825EA3A16005B5CD4 /* SceneDelegate.h */ = {isa = PBXFileReference; lastKnownFileType = sourcecode.c.h; path = SceneDelegate.h; sourceTree = "<group>"; };
		CF37C04925EA3A16005B5CD4 /* SceneDelegate.m */ = {isa = PBXFileReference; lastKnownFileType = sourcecode.c.objc; path = SceneDelegate.m; sourceTree = "<group>"; };
		CF37C04B25EA3A16005B5CD4 /* ViewController.h */ = {isa = PBXFileReference; lastKnownFileType = sourcecode.c.h; path = ViewController.h; sourceTree = "<group>"; };
		CF37C04C25EA3A16005B5CD4 /* ViewController.m */ = {isa = PBXFileReference; lastKnownFileType = sourcecode.c.objc; path = ViewController.m; sourceTree = "<group>"; };
		CF37C04F25EA3A16005B5CD4 /* Base */ = {isa = PBXFileReference; lastKnownFileType = file.storyboard; name = Base; path = Base.lproj/Main.storyboard; sourceTree = "<group>"; };
		CF37C05225EA3A16005B5CD4 /* CoreDataCoursera.xcdatamodel */ = {isa = PBXFileReference; lastKnownFileType = wrapper.xcdatamodel; path = CoreDataCoursera.xcdatamodel; sourceTree = "<group>"; };
		CF37C05425EA3A17005B5CD4 /* Assets.xcassets */ = {isa = PBXFileReference; lastKnownFileType = folder.assetcatalog; path = Assets.xcassets; sourceTree = "<group>"; };
		CF37C05725EA3A17005B5CD4 /* Base */ = {isa = PBXFileReference; lastKnownFileType = file.storyboard; name = Base; path = Base.lproj/LaunchScreen.storyboard; sourceTree = "<group>"; };
		CF37C05925EA3A17005B5CD4 /* Info.plist */ = {isa = PBXFileReference; lastKnownFileType = text.plist.xml; path = Info.plist; sourceTree = "<group>"; };
		CF37C05A25EA3A17005B5CD4 /* main.m */ = {isa = PBXFileReference; lastKnownFileType = sourcecode.c.objc; path = main.m; sourceTree = "<group>"; };
/* End PBXFileReference section */

/* Begin PBXFrameworksBuildPhase section */
		CF37C03F25EA3A16005B5CD4 /* Frameworks */ = {
			isa = PBXFrameworksBuildPhase;
			buildActionMask = 2147483647;
			files = (
			);
			runOnlyForDeploymentPostprocessing = 0;
		};
/* End PBXFrameworksBuildPhase section */

/* Begin PBXGroup section */
		CF37C03925EA3A16005B5CD4 = {
			isa = PBXGroup;
			children = (
				CF37C04425EA3A16005B5CD4 /* CoreDataCoursera */,
				CF37C04325EA3A16005B5CD4 /* Products */,
			);
			sourceTree = "<group>";
		};
		CF37C04325EA3A16005B5CD4 /* Products */ = {
			isa = PBXGroup;
			children = (
				CF37C04225EA3A16005B5CD4 /* CoreDataCoursera.app */,
			);
			name = Products;
			sourceTree = "<group>";
		};
		CF37C04425EA3A16005B5CD4 /* CoreDataCoursera */ = {
			isa = PBXGroup;
			children = (
				CF37C04525EA3A16005B5CD4 /* AppDelegate.h */,
				CF37C04625EA3A16005B5CD4 /* AppDelegate.m */,
				CF37C04825EA3A16005B5CD4 /* SceneDelegate.h */,
				CF37C04925EA3A16005B5CD4 /* SceneDelegate.m */,
				CF37C04B25EA3A16005B5CD4 /* ViewController.h */,
				CF37C04C25EA3A16005B5CD4 /* ViewController.m */,
				CF37C04E25EA3A16005B5CD4 /* Main.storyboard */,
				CF37C05425EA3A17005B5CD4 /* Assets.xcassets */,
				CF37C05625EA3A17005B5CD4 /* LaunchScreen.storyboard */,
				CF37C05925EA3A17005B5CD4 /* Info.plist */,
				CF37C05A25EA3A17005B5CD4 /* main.m */,
				CF37C05125EA3A16005B5CD4 /* CoreDataCoursera.xcdatamodeld */,
			);
			path = CoreDataCoursera;
			sourceTree = "<group>";
		};
/* End PBXGroup section */

/* Begin PBXNativeTarget section */
		CF37C04125EA3A16005B5CD4 /* CoreDataCoursera */ = {
			isa = PBXNativeTarget;
			buildConfigurationList = CF37C05E25EA3A17005B5CD4 /* Build configuration list for PBXNativeTarget "CoreDataCoursera" */;
			buildPhases = (
				CF37C03E25EA3A16005B5CD4 /* Sources */,
				CF37C03F25EA3A16005B5CD4 /* Frameworks */,
				CF37C04025EA3A16005B5CD4 /* Resources */,
			);
			buildRules = (
			);
			dependencies = (
			);
			name = CoreDataCoursera;
			productName = CoreDataCoursera;
			productReference = CF37C04225EA3A16005B5CD4 /* CoreDataCoursera.app */;
			productType = "com.apple.product-type.application";
		};
/* End PBXNativeTarget section */

/* Begin PBXProject section */
		CF37C03A25EA3A16005B5CD4 /* Project object */ = {
			isa = PBXProject;
			attributes = {
				LastUpgradeCheck = 1240;
				TargetAttributes = {
					CF37C04125EA3A16005B5CD4 = {
						CreatedOnToolsVersion = 12.4;
					};
				};
			};
			buildConfigurationList = CF37C03D25EA3A16005B5CD4 /* Build configuration list for PBXProject "CoreDataCoursera" */;
			compatibilityVersion = "Xcode 9.3";
			developmentRegion = en;
			hasScannedForEncodings = 0;
			knownRegions = (
				en,
				Base,
			);
			mainGroup = CF37C03925EA3A16005B5CD4;
			productRefGroup = CF37C04325EA3A16005B5CD4 /* Products */;
			projectDirPath = "";
			projectRoot = "";
			targets = (
				CF37C04125EA3A16005B5CD4 /* CoreDataCoursera */,
			);
		};
/* End PBXProject section */

/* Begin PBXResourcesBuildPhase section */
		CF37C04025EA3A16005B5CD4 /* Resources */ = {
			isa = PBXResourcesBuildPhase;
			buildActionMask = 2147483647;
			files = (
				CF37C05825EA3A17005B5CD4 /* LaunchScreen.storyboard in Resources */,
				CF37C05525EA3A17005B5CD4 /* Assets.xcassets in Resources */,
				CF37C05025EA3A16005B5CD4 /* Main.storyboard in Resources */,
			);
			runOnlyForDeploymentPostprocessing = 0;
		};
/* End PBXResourcesBuildPhase section */

/* Begin PBXSourcesBuildPhase section */
		CF37C03E25EA3A16005B5CD4 /* Sources */ = {
			isa = PBXSourcesBuildPhase;
			buildActionMask = 2147483647;
			files = (
				CF37C05B25EA3A17005B5CD4 /* main.m in Sources */,
				CF37C05325EA3A16005B5CD4 /* CoreDataCoursera.xcdatamodeld in Sources */,
				CF37C04D25EA3A16005B5CD4 /* ViewController.m in Sources */,
				CF37C04725EA3A16005B5CD4 /* AppDelegate.m in Sources */,
				CF37C04A25EA3A16005B5CD4 /* SceneDelegate.m in Sources */,
			);
			runOnlyForDeploymentPostprocessing = 0;
		};
/* End PBXSourcesBuildPhase section */

/* Begin PBXVariantGroup section */
		CF37C04E25EA3A16005B5CD4 /* Main.storyboard */ = {
			isa = PBXVariantGroup;
			children = (
				CF37C04F25EA3A16005B5CD4 /* Base */,
			);
			name = Main.storyboard;
			sourceTree = "<group>";
		};
		CF37C05625EA3A17005B5CD4 /* LaunchScreen.storyboard */ = {
			isa = PBXVariantGroup;
			children = (
				CF37C05725EA3A17005B5CD4 /* Base */,
			);
			name = LaunchScreen.storyboard;
			sourceTree = "<group>";
		};
/* End PBXVariantGroup section */

/* Begin XCBuildConfiguration section */
		CF37C05C25EA3A17005B5CD4 /* Debug */ = {
			isa = XCBuildConfiguration;
			buildSettings = {
				ALWAYS_SEARCH_USER_PATHS = NO;
				CLANG_ANALYZER_NONNULL = YES;
				CLANG_ANALYZER_NUMBER_OBJECT_CONVERSION = YES_AGGRESSIVE;
				CLANG_CXX_LANGUAGE_STANDARD = "gnu++14";
				CLANG_CXX_LIBRARY = "libc++";
				CLANG_ENABLE_MODULES = YES;
				CLANG_ENABLE_OBJC_ARC = YES;
				CLANG_ENABLE_OBJC_WEAK = YES;
				CLANG_WARN_BLOCK_CAPTURE_AUTORELEASING = YES;
				CLANG_WARN_BOOL_CONVERSION = YES;
				CLANG_WARN_COMMA = YES;
				CLANG_WARN_CONSTANT_CONVERSION = YES;
				CLANG_WARN_DEPRECATED_OBJC_IMPLEMENTATIONS = YES;
				CLANG_WARN_DIRECT_OBJC_ISA_USAGE = YES_ERROR;
				CLANG_WARN_DOCUMENTATION_COMMENTS = YES;
				CLANG_WARN_EMPTY_BODY = YES;
				CLANG_WARN_ENUM_CONVERSION = YES;
				CLANG_WARN_INFINITE_RECURSION = YES;
				CLANG_WARN_INT_CONVERSION = YES;
				CLANG_WARN_NON_LITERAL_NULL_CONVERSION = YES;
				CLANG_WARN_OBJC_IMPLICIT_RETAIN_SELF = YES;
				CLANG_WARN_OBJC_LITERAL_CONVERSION = YES;
				CLANG_WARN_OBJC_ROOT_CLASS = YES_ERROR;
				CLANG_WARN_QUOTED_INCLUDE_IN_FRAMEWORK_HEADER = YES;
				CLANG_WARN_RANGE_LOOP_ANALYSIS = YES;
				CLANG_WARN_STRICT_PROTOTYPES = YES;
				CLANG_WARN_SUSPICIOUS_MOVE = YES;
				CLANG_WARN_UNGUARDED_AVAILABILITY = YES_AGGRESSIVE;
				CLANG_WARN_UNREACHABLE_CODE = YES;
				CLANG_WARN__DUPLICATE_METHOD_MATCH = YES;
				COPY_PHASE_STRIP = NO;
				DEBUG_INFORMATION_FORMAT = dwarf;
				ENABLE_STRICT_OBJC_MSGSEND = YES;
				ENABLE_TESTABILITY = YES;
				GCC_C_LANGUAGE_STANDARD = gnu11;
				GCC_DYNAMIC_NO_PIC = NO;
				GCC_NO_COMMON_BLOCKS = YES;
				GCC_OPTIMIZATION_LEVEL = 0;
				GCC_PREPROCESSOR_DEFINITIONS = (
					"DEBUG=1",
					"$(inherited)",
				);
				GCC_WARN_64_TO_32_BIT_CONVERSION = YES;
				GCC_WARN_ABOUT_RETURN_TYPE = YES_ERROR;
				GCC_WARN_UNDECLARED_SELECTOR = YES;
				GCC_WARN_UNINITIALIZED_AUTOS = YES_AGGRESSIVE;
				GCC_WARN_UNUSED_FUNCTION = YES;
				GCC_WARN_UNUSED_VARIABLE = YES;
				IPHONEOS_DEPLOYMENT_TARGET = 14.4;
				MTL_ENABLE_DEBUG_INFO = INCLUDE_SOURCE;
				MTL_FAST_MATH = YES;
				ONLY_ACTIVE_ARCH = YES;
				SDKROOT = iphoneos;
			};
			name = Debug;
		};
		CF37C05D25EA3A17005B5CD4 /* Release */ = {
			isa = XCBuildConfiguration;
			buildSettings = {
				ALWAYS_SEARCH_USER_PATHS = NO;
				CLANG_ANALYZER_NONNULL = YES;
				CLANG_ANALYZER_NUMBER_OBJECT_CONVERSION = YES_AGGRESSIVE;
				CLANG_CXX_LANGUAGE_STANDARD = "gnu++14";
				CLANG_CXX_LIBRARY = "libc++";
				CLANG_ENABLE_MODULES = YES;
				CLANG_ENABLE_OBJC_ARC = YES;
				CLANG_ENABLE_OBJC_WEAK = YES;
				CLANG_WARN_BLOCK_CAPTURE_AUTORELEASING = YES;
				CLANG_WARN_BOOL_CONVERSION = YES;
				CLANG_WARN_COMMA = YES;
				CLANG_WARN_CONSTANT_CONVERSION = YES;
				CLANG_WARN_DEPRECATED_OBJC_IMPLEMENTATIONS = YES;
				CLANG_WARN_DIRECT_OBJC_ISA_USAGE = YES_ERROR;
				CLANG_WARN_DOCUMENTATION_COMMENTS = YES;
				CLANG_WARN_EMPTY_BODY = YES;
				CLANG_WARN_ENUM_CONVERSION = YES;
				CLANG_WARN_INFINITE_RECURSION = YES;
				CLANG_WARN_INT_CONVERSION = YES;
				CLANG_WARN_NON_LITERAL_NULL_CONVERSION = YES;
				CLANG_WARN_OBJC_IMPLICIT_RETAIN_SELF = YES;
				CLANG_WARN_OBJC_LITERAL_CONVERSION = YES;
				CLANG_WARN_OBJC_ROOT_CLASS = YES_ERROR;
				CLANG_WARN_QUOTED_INCLUDE_IN_FRAMEWORK_HEADER = YES;
				CLANG_WARN_RANGE_LOOP_ANALYSIS = YES;
				CLANG_WARN_STRICT_PROTOTYPES = YES;
				CLANG_WARN_SUSPICIOUS_MOVE = YES;
				CLANG_WARN_UNGUARDED_AVAILABILITY = YES_AGGRESSIVE;
				CLANG_WARN_UNREACHABLE_CODE = YES;
				CLANG_WARN__DUPLICATE_METHOD_MATCH = YES;
				COPY_PHASE_STRIP = NO;
				DEBUG_INFORMATION_FORMAT = "dwarf-with-dsym";
				ENABLE_NS_ASSERTIONS = NO;
				ENABLE_STRICT_OBJC_MSGSEND = YES;
				GCC_C_LANGUAGE_STANDARD = gnu11;
				GCC_NO_COMMON_BLOCKS = YES;
				GCC_WARN_64_TO_32_BIT_CONVERSION = YES;
				GCC_WARN_ABOUT_RETURN_TYPE = YES_ERROR;
				GCC_WARN_UNDECLARED_SELECTOR = YES;
				GCC_WARN_UNINITIALIZED_AUTOS = YES_AGGRESSIVE;
				GCC_WARN_UNUSED_FUNCTION = YES;
				GCC_WARN_UNUSED_VARIABLE = YES;
				IPHONEOS_DEPLOYMENT_TARGET = 14.4;
				MTL_ENABLE_DEBUG_INFO = NO;
				MTL_FAST_MATH = YES;
				SDKROOT = iphoneos;
				VALIDATE_PRODUCT = YES;
			};
			name = Release;
		};
		CF37C05F25EA3A17005B5CD4 /* Debug */ = {
			isa = XCBuildConfiguration;
			buildSettings = {
				ASSETCATALOG_COMPILER_APPICON_NAME = AppIcon;
				ASSETCATALOG_COMPILER_GLOBAL_ACCENT_COLOR_NAME = AccentColor;
				CODE_SIGN_STYLE = Automatic;
				DEVELOPMENT_TEAM = NTJZCHHKCW;
				INFOPLIST_FILE = CoreDataCoursera/Info.plist;
				LD_RUNPATH_SEARCH_PATHS = (
					"$(inherited)",
					"@executable_path/Frameworks",
				);
				PRODUCT_BUNDLE_IDENTIFIER = com.lmakarenko.CoreDataCoursera;
				PRODUCT_NAME = "$(TARGET_NAME)";
				TARGETED_DEVICE_FAMILY = "1,2";
			};
			name = Debug;
		};
		CF37C06025EA3A17005B5CD4 /* Release */ = {
			isa = XCBuildConfiguration;
			buildSettings = {
				ASSETCATALOG_COMPILER_APPICON_NAME = AppIcon;
				ASSETCATALOG_COMPILER_GLOBAL_ACCENT_COLOR_NAME = AccentColor;
				CODE_SIGN_STYLE = Automatic;
				DEVELOPMENT_TEAM = NTJZCHHKCW;
				INFOPLIST_FILE = CoreDataCoursera/Info.plist;
				LD_RUNPATH_SEARCH_PATHS = (
					"$(inherited)",
					"@executable_path/Frameworks",
				);
				PRODUCT_BUNDLE_IDENTIFIER = com.lmakarenko.CoreDataCoursera;
				PRODUCT_NAME = "$(TARGET_NAME)";
				TARGETED_DEVICE_FAMILY = "1,2";
			};
			name = Release;
		};
/* End XCBuildConfiguration section */

/* Begin XCConfigurationList section */
		CF37C03D25EA3A16005B5CD4 /* Build configuration list for PBXProject "CoreDataCoursera" */ = {
			isa = XCConfigurationList;
			buildConfigurations = (
				CF37C05C25EA3A17005B5CD4 /* Debug */,
				CF37C05D25EA3A17005B5CD4 /* Release */,
			);
			defaultConfigurationIsVisible = 0;
			defaultConfigurationName = Release;
		};
		CF37C05E25EA3A17005B5CD4 /* Build configuration list for PBXNativeTarget "CoreDataCoursera" */ = {
			isa = XCConfigurationList;
			buildConfigurations = (
				CF37C05F25EA3A17005B5CD4 /* Debug */,
				CF37C06025EA3A17005B5CD4 /* Release */,
			);
			defaultConfigurationIsVisible = 0;
			defaultConfigurationName = Release;
		};
/* End XCConfigurationList section */

/* Begin XCVersionGroup section */
		CF37C05125EA3A16005B5CD4 /* CoreDataCoursera.xcdatamodeld */ = {
			isa = XCVersionGroup;
			children = (
				CF37C05225EA3A16005B5CD4 /* CoreDataCoursera.xcdatamodel */,
			);
			currentVersion = CF37C05225EA3A16005B5CD4 /* CoreDataCoursera.xcdatamodel */;
			path = CoreDataCoursera.xcdatamodeld;
			sourceTree = "<group>";
			versionGroupType = wrapper.xcdatamodel;
		};
/* End XCVersionGroup section */
	};
	rootObject = CF37C03A25EA3A16005B5CD4 /* Project object */;
}
